// !$*UTF8*$!
{
	archiveVersion = 1;
	classes = {
	};
	objectVersion = 46;
	objects = {

/* Begin PBXBuildFile section */
		CF031DDF20CCA0DC00214BE4 /* GetPhotosWindowViewController.swift in Sources */ = {isa = PBXBuildFile; fileRef = CF031DDE20CCA0DC00214BE4 /* GetPhotosWindowViewController.swift */; };
		CF0C0840202A59DD00D2B887 /* CreatePhotoShow.swift in Sources */ = {isa = PBXBuildFile; fileRef = CF0C083F202A59DD00D2B887 /* CreatePhotoShow.swift */; };
		CF279A062036B00B00981559 /* Dialogs.swift in Sources */ = {isa = PBXBuildFile; fileRef = CF279A052036B00B00981559 /* Dialogs.swift */; };
		CF9B53EE1F63404800968A77 /* AppDelegate.swift in Sources */ = {isa = PBXBuildFile; fileRef = CF9B53ED1F63404800968A77 /* AppDelegate.swift */; };
		CF9B53F01F63404800968A77 /* MainWindowViewController.swift in Sources */ = {isa = PBXBuildFile; fileRef = CF9B53EF1F63404800968A77 /* MainWindowViewController.swift */; };
		CF9B53F21F63404800968A77 /* Assets.xcassets in Resources */ = {isa = PBXBuildFile; fileRef = CF9B53F11F63404800968A77 /* Assets.xcassets */; };
		CF9B53F51F63404800968A77 /* Main.storyboard in Resources */ = {isa = PBXBuildFile; fileRef = CF9B53F31F63404800968A77 /* Main.storyboard */; };
/* End PBXBuildFile section */

/* Begin PBXFileReference section */
		CF031DDE20CCA0DC00214BE4 /* GetPhotosWindowViewController.swift */ = {isa = PBXFileReference; lastKnownFileType = sourcecode.swift; path = GetPhotosWindowViewController.swift; sourceTree = "<group>"; };
		CF0C083F202A59DD00D2B887 /* CreatePhotoShow.swift */ = {isa = PBXFileReference; lastKnownFileType = sourcecode.swift; path = CreatePhotoShow.swift; sourceTree = "<group>"; };
		CF279A052036B00B00981559 /* Dialogs.swift */ = {isa = PBXFileReference; lastKnownFileType = sourcecode.swift; path = Dialogs.swift; sourceTree = "<group>"; };
		CF9B53EA1F63404800968A77 /* CreatePhotoShow.app */ = {isa = PBXFileReference; explicitFileType = wrapper.application; includeInIndex = 0; path = CreatePhotoShow.app; sourceTree = BUILT_PRODUCTS_DIR; };
		CF9B53ED1F63404800968A77 /* AppDelegate.swift */ = {isa = PBXFileReference; lastKnownFileType = sourcecode.swift; path = AppDelegate.swift; sourceTree = "<group>"; };
		CF9B53EF1F63404800968A77 /* MainWindowViewController.swift */ = {isa = PBXFileReference; lastKnownFileType = sourcecode.swift; path = MainWindowViewController.swift; sourceTree = "<group>"; };
		CF9B53F11F63404800968A77 /* Assets.xcassets */ = {isa = PBXFileReference; lastKnownFileType = folder.assetcatalog; path = Assets.xcassets; sourceTree = "<group>"; };
		CF9B53F41F63404800968A77 /* Base */ = {isa = PBXFileReference; lastKnownFileType = file.storyboard; name = Base; path = Base.lproj/Main.storyboard; sourceTree = "<group>"; };
		CF9B53F61F63404800968A77 /* Info.plist */ = {isa = PBXFileReference; lastKnownFileType = text.plist.xml; path = Info.plist; sourceTree = "<group>"; };
/* End PBXFileReference section */

/* Begin PBXFrameworksBuildPhase section */
		CF9B53E71F63404800968A77 /* Frameworks */ = {
			isa = PBXFrameworksBuildPhase;
			buildActionMask = 2147483647;
			files = (
			);
			runOnlyForDeploymentPostprocessing = 0;
		};
/* End PBXFrameworksBuildPhase section */

/* Begin PBXGroup section */
		CF279A042036AFCC00981559 /* UI */ = {
			isa = PBXGroup;
			children = (
				CF9B53ED1F63404800968A77 /* AppDelegate.swift */,
				CF9B53EF1F63404800968A77 /* MainWindowViewController.swift */,
				CF9B53F31F63404800968A77 /* Main.storyboard */,
				CF279A052036B00B00981559 /* Dialogs.swift */,
				CF031DDE20CCA0DC00214BE4 /* GetPhotosWindowViewController.swift */,
			);
			path = UI;
			sourceTree = "<group>";
		};
		CF9B53E11F63404800968A77 = {
			isa = PBXGroup;
			children = (
				CF9B53EC1F63404800968A77 /* CreatePhotoShow */,
				CF9B53EB1F63404800968A77 /* Products */,
			);
			sourceTree = "<group>";
		};
		CF9B53EB1F63404800968A77 /* Products */ = {
			isa = PBXGroup;
			children = (
				CF9B53EA1F63404800968A77 /* CreatePhotoShow.app */,
			);
			name = Products;
			sourceTree = "<group>";
		};
		CF9B53EC1F63404800968A77 /* CreatePhotoShow */ = {
			isa = PBXGroup;
			children = (
				CF279A042036AFCC00981559 /* UI */,
				CF9B53F11F63404800968A77 /* Assets.xcassets */,
				CF9B53F61F63404800968A77 /* Info.plist */,
				CF0C083F202A59DD00D2B887 /* CreatePhotoShow.swift */,
			);
			path = CreatePhotoShow;
			sourceTree = "<group>";
		};
/* End PBXGroup section */

/* Begin PBXNativeTarget section */
		CF9B53E91F63404800968A77 /* CreatePhotoShow */ = {
			isa = PBXNativeTarget;
			buildConfigurationList = CF9B540F1F63404800968A77 /* Build configuration list for PBXNativeTarget "CreatePhotoShow" */;
			buildPhases = (
				CF9B53E61F63404800968A77 /* Sources */,
				CF9B53E71F63404800968A77 /* Frameworks */,
				CF9B53E81F63404800968A77 /* Resources */,
			);
			buildRules = (
			);
			dependencies = (
			);
			name = CreatePhotoShow;
			productName = CreatePhotoShow;
			productReference = CF9B53EA1F63404800968A77 /* CreatePhotoShow.app */;
			productType = "com.apple.product-type.application";
		};
/* End PBXNativeTarget section */

/* Begin PBXProject section */
		CF9B53E21F63404800968A77 /* Project object */ = {
			isa = PBXProject;
			attributes = {
				LastSwiftUpdateCheck = 0830;
				LastUpgradeCheck = 1310;
				ORGANIZATIONNAME = "August Schwerdfeger";
				TargetAttributes = {
					CF9B53E91F63404800968A77 = {
						CreatedOnToolsVersion = 8.3.3;
						LastSwiftMigration = 1120;
						ProvisioningStyle = Automatic;
					};
				};
			};
			buildConfigurationList = CF9B53E51F63404800968A77 /* Build configuration list for PBXProject "CreatePhotoShow" */;
			compatibilityVersion = "Xcode 3.2";
			developmentRegion = en;
			hasScannedForEncodings = 0;
			knownRegions = (
				en,
				Base,
			);
			mainGroup = CF9B53E11F63404800968A77;
			productRefGroup = CF9B53EB1F63404800968A77 /* Products */;
			projectDirPath = "";
			projectRoot = "";
			targets = (
				CF9B53E91F63404800968A77 /* CreatePhotoShow */,
			);
		};
/* End PBXProject section */

/* Begin PBXResourcesBuildPhase section */
		CF9B53E81F63404800968A77 /* Resources */ = {
			isa = PBXResourcesBuildPhase;
			buildActionMask = 2147483647;
			files = (
				CF9B53F21F63404800968A77 /* Assets.xcassets in Resources */,
				CF9B53F51F63404800968A77 /* Main.storyboard in Resources */,
			);
			runOnlyForDeploymentPostprocessing = 0;
		};
/* End PBXResourcesBuildPhase section */

/* Begin PBXSourcesBuildPhase section */
		CF9B53E61F63404800968A77 /* Sources */ = {
			isa = PBXSourcesBuildPhase;
			buildActionMask = 2147483647;
			files = (
				CF9B53F01F63404800968A77 /* MainWindowViewController.swift in Sources */,
				CF031DDF20CCA0DC00214BE4 /* GetPhotosWindowViewController.swift in Sources */,
				CF0C0840202A59DD00D2B887 /* CreatePhotoShow.swift in Sources */,
				CF9B53EE1F63404800968A77 /* AppDelegate.swift in Sources */,
				CF279A062036B00B00981559 /* Dialogs.swift in Sources */,
			);
			runOnlyForDeploymentPostprocessing = 0;
		};
/* End PBXSourcesBuildPhase section */

/* Begin PBXVariantGroup section */
		CF9B53F31F63404800968A77 /* Main.storyboard */ = {
			isa = PBXVariantGroup;
			children = (
				CF9B53F41F63404800968A77 /* Base */,
			);
			name = Main.storyboard;
			sourceTree = "<group>";
		};
/* End PBXVariantGroup section */

/* Begin XCBuildConfiguration section */
		CF9B540D1F63404800968A77 /* Debug */ = {
			isa = XCBuildConfiguration;
			buildSettings = {
				ALWAYS_SEARCH_USER_PATHS = NO;
				CLANG_ANALYZER_NONNULL = YES;
				CLANG_ANALYZER_NUMBER_OBJECT_CONVERSION = YES_AGGRESSIVE;
				CLANG_CXX_LANGUAGE_STANDARD = "gnu++0x";
				CLANG_CXX_LIBRARY = "libc++";
				CLANG_ENABLE_MODULES = YES;
				CLANG_ENABLE_OBJC_ARC = YES;
				CLANG_WARN_BLOCK_CAPTURE_AUTORELEASING = YES;
				CLANG_WARN_BOOL_CONVERSION = YES;
				CLANG_WARN_COMMA = YES;
				CLANG_WARN_CONSTANT_CONVERSION = YES;
				CLANG_WARN_DEPRECATED_OBJC_IMPLEMENTATIONS = YES;
				CLANG_WARN_DIRECT_OBJC_ISA_USAGE = YES_ERROR;
				CLANG_WARN_DOCUMENTATION_COMMENTS = YES;
				CLANG_WARN_EMPTY_BODY = YES;
				CLANG_WARN_ENUM_CONVERSION = YES;
				CLANG_WARN_INFINITE_RECURSION = YES;
				CLANG_WARN_INT_CONVERSION = YES;
				CLANG_WARN_NON_LITERAL_NULL_CONVERSION = YES;
				CLANG_WARN_OBJC_IMPLICIT_RETAIN_SELF = YES;
				CLANG_WARN_OBJC_LITERAL_CONVERSION = YES;
				CLANG_WARN_OBJC_ROOT_CLASS = YES_ERROR;
				CLANG_WARN_QUOTED_INCLUDE_IN_FRAMEWORK_HEADER = YES;
				CLANG_WARN_RANGE_LOOP_ANALYSIS = YES;
				CLANG_WARN_STRICT_PROTOTYPES = YES;
				CLANG_WARN_SUSPICIOUS_MOVE = YES;
				CLANG_WARN_UNREACHABLE_CODE = YES;
				CLANG_WARN__DUPLICATE_METHOD_MATCH = YES;
				CODE_SIGN_IDENTITY = "-";
				COPY_PHASE_STRIP = NO;
				DEBUG_INFORMATION_FORMAT = dwarf;
				ENABLE_STRICT_OBJC_MSGSEND = YES;
				ENABLE_TESTABILITY = YES;
				GCC_C_LANGUAGE_STANDARD = gnu99;
				GCC_DYNAMIC_NO_PIC = NO;
				GCC_NO_COMMON_BLOCKS = YES;
				GCC_OPTIMIZATION_LEVEL = 0;
				GCC_PREPROCESSOR_DEFINITIONS = (
					"DEBUG=1",
					"$(inherited)",
				);
				GCC_WARN_64_TO_32_BIT_CONVERSION = YES;
				GCC_WARN_ABOUT_RETURN_TYPE = YES_ERROR;
				GCC_WARN_UNDECLARED_SELECTOR = YES;
				GCC_WARN_UNINITIALIZED_AUTOS = YES_AGGRESSIVE;
				GCC_WARN_UNUSED_FUNCTION = YES;
				GCC_WARN_UNUSED_VARIABLE = YES;
				MACOSX_DEPLOYMENT_TARGET = 10.10;
				MTL_ENABLE_DEBUG_INFO = YES;
				ONLY_ACTIVE_ARCH = YES;
				SDKROOT = macosx;
				SWIFT_ACTIVE_COMPILATION_CONDITIONS = DEBUG;
				SWIFT_OPTIMIZATION_LEVEL = "-Onone";
				SWIFT_SWIFT3_OBJC_INFERENCE = Default;
			};
			name = Debug;
		};
		CF9B540E1F63404800968A77 /* Release */ = {
			isa = XCBuildConfiguration;
			buildSettings = {
				ALWAYS_SEARCH_USER_PATHS = NO;
				CLANG_ANALYZER_NONNULL = YES;
				CLANG_ANALYZER_NUMBER_OBJECT_CONVERSION = YES_AGGRESSIVE;
				CLANG_CXX_LANGUAGE_STANDARD = "gnu++0x";
				CLANG_CXX_LIBRARY = "libc++";
				CLANG_ENABLE_MODULES = YES;
				CLANG_ENABLE_OBJC_ARC = YES;
				CLANG_WARN_BLOCK_CAPTURE_AUTORELEASING = YES;
				CLANG_WARN_BOOL_CONVERSION = YES;
				CLANG_WARN_COMMA = YES;
				CLANG_WARN_CONSTANT_CONVERSION = YES;
				CLANG_WARN_DEPRECATED_OBJC_IMPLEMENTATIONS = YES;
				CLANG_WARN_DIRECT_OBJC_ISA_USAGE = YES_ERROR;
				CLANG_WARN_DOCUMENTATION_COMMENTS = YES;
				CLANG_WARN_EMPTY_BODY = YES;
				CLANG_WARN_ENUM_CONVERSION = YES;
				CLANG_WARN_INFINITE_RECURSION = YES;
				CLANG_WARN_INT_CONVERSION = YES;
				CLANG_WARN_NON_LITERAL_NULL_CONVERSION = YES;
				CLANG_WARN_OBJC_IMPLICIT_RETAIN_SELF = YES;
				CLANG_WARN_OBJC_LITERAL_CONVERSION = YES;
				CLANG_WARN_OBJC_ROOT_CLASS = YES_ERROR;
				CLANG_WARN_QUOTED_INCLUDE_IN_FRAMEWORK_HEADER = YES;
				CLANG_WARN_RANGE_LOOP_ANALYSIS = YES;
				CLANG_WARN_STRICT_PROTOTYPES = YES;
				CLANG_WARN_SUSPICIOUS_MOVE = YES;
				CLANG_WARN_UNREACHABLE_CODE = YES;
				CLANG_WARN__DUPLICATE_METHOD_MATCH = YES;
				CODE_SIGN_IDENTITY = "-";
				COPY_PHASE_STRIP = NO;
				DEBUG_INFORMATION_FORMAT = "dwarf-with-dsym";
				ENABLE_NS_ASSERTIONS = NO;
				ENABLE_STRICT_OBJC_MSGSEND = YES;
				GCC_C_LANGUAGE_STANDARD = gnu99;
				GCC_NO_COMMON_BLOCKS = YES;
				GCC_WARN_64_TO_32_BIT_CONVERSION = YES;
				GCC_WARN_ABOUT_RETURN_TYPE = YES_ERROR;
				GCC_WARN_UNDECLARED_SELECTOR = YES;
				GCC_WARN_UNINITIALIZED_AUTOS = YES_AGGRESSIVE;
				GCC_WARN_UNUSED_FUNCTION = YES;
				GCC_WARN_UNUSED_VARIABLE = YES;
				MACOSX_DEPLOYMENT_TARGET = 10.10;
				MTL_ENABLE_DEBUG_INFO = NO;
				SDKROOT = macosx;
				SWIFT_OPTIMIZATION_LEVEL = "-Owholemodule";
				SWIFT_SWIFT3_OBJC_INFERENCE = Default;
			};
			name = Release;
		};
		CF9B54101F63404800968A77 /* Debug */ = {
			isa = XCBuildConfiguration;
			buildSettings = {
				ASSETCATALOG_COMPILER_APPICON_NAME = AppIcon;
				CODE_SIGN_IDENTITY = "-";
				COMBINE_HIDPI_IMAGES = YES;
				INFOPLIST_FILE = CreatePhotoShow/Info.plist;
				LD_RUNPATH_SEARCH_PATHS = "$(inherited) @executable_path/../Frameworks";
				MACOSX_DEPLOYMENT_TARGET = 10.10;
				PRODUCT_BUNDLE_IDENTIFIER = name.schwerdfeger.CreatePhotoShow;
				PRODUCT_NAME = "$(TARGET_NAME)";
				SWIFT_SWIFT3_OBJC_INFERENCE = Default;
				SWIFT_VERSION = 5.0;
			};
			name = Debug;
		};
		CF9B54111F63404800968A77 /* Release */ = {
			isa = XCBuildConfiguration;
			buildSettings = {
				ASSETCATALOG_COMPILER_APPICON_NAME = AppIcon;
				CODE_SIGN_IDENTITY = "-";
				COMBINE_HIDPI_IMAGES = YES;
				INFOPLIST_FILE = CreatePhotoShow/Info.plist;
				LD_RUNPATH_SEARCH_PATHS = "$(inherited) @executable_path/../Frameworks";
				MACOSX_DEPLOYMENT_TARGET = 10.10;
				PRODUCT_BUNDLE_IDENTIFIER = name.schwerdfeger.CreatePhotoShow;
				PRODUCT_NAME = "$(TARGET_NAME)";
				SWIFT_SWIFT3_OBJC_INFERENCE = Default;
				SWIFT_VERSION = 5.0;
			};
			name = Release;
		};
/* End XCBuildConfiguration section */

/* Begin XCConfigurationList section */
		CF9B53E51F63404800968A77 /* Build configuration list for PBXProject "CreatePhotoShow" */ = {
			isa = XCConfigurationList;
			buildConfigurations = (
				CF9B540D1F63404800968A77 /* Debug */,
				CF9B540E1F63404800968A77 /* Release */,
			);
			defaultConfigurationIsVisible = 0;
			defaultConfigurationName = Release;
		};
		CF9B540F1F63404800968A77 /* Build configuration list for PBXNativeTarget "CreatePhotoShow" */ = {
			isa = XCConfigurationList;
			buildConfigurations = (
				CF9B54101F63404800968A77 /* Debug */,
				CF9B54111F63404800968A77 /* Release */,
			);
			defaultConfigurationIsVisible = 0;
			defaultConfigurationName = Release;
		};
/* End XCConfigurationList section */
	};
	rootObject = CF9B53E21F63404800968A77 /* Project object */;
}
